
Microsoft Visual Studio Solution File, Format Version 12.00
# Visual Studio 14
VisualStudioVersion = 14.0.25420.1
MinimumVisualStudioVersion = 10.0.40219.1
Project("{FAE04EC0-301F-11D3-BF4B-00C04F79EFBC}") = "mantenimientos_AsignaciónAuditores", "mantenimientos_AsignaciónAuditores\mantenimientos_AsignaciónAuditores.csproj", "{65E88F7D-97CF-4BDA-A8AC-13F801F185BB}"
EndProject
Global
	GlobalSection(SolutionConfigurationPlatforms) = preSolution
		Debug|Any CPU = Debug|Any CPU
		Release|Any CPU = Release|Any CPU
	EndGlobalSection
	GlobalSection(ProjectConfigurationPlatforms) = postSolution
		{65E88F7D-97CF-4BDA-A8AC-13F801F185BB}.Debug|Any CPU.ActiveCfg = Debug|Any CPU
		{65E88F7D-97CF-4BDA-A8AC-13F801F185BB}.Debug|Any CPU.Build.0 = Debug|Any CPU
		{65E88F7D-97CF-4BDA-A8AC-13F801F185BB}.Release|Any CPU.ActiveCfg = Release|Any CPU
		{65E88F7D-97CF-4BDA-A8AC-13F801F185BB}.Release|Any CPU.Build.0 = Release|Any CPU
	EndGlobalSection
	GlobalSection(SolutionProperties) = preSolution
		HideSolutionNode = FALSE
	EndGlobalSection
EndGlobal
