
Microsoft Visual Studio Solution File, Format Version 12.00
# Visual Studio Version 16
VisualStudioVersion = 16.0.28803.452
MinimumVisualStudioVersion = 10.0.40219.1
Project("{FAE04EC0-301F-11D3-BF4B-00C04F79EFBC}") = "CapaDiseno", "CapaDiseno\CapaDiseno.csproj", "{F35B6F11-4C3F-4E8D-8DFF-F33CED72C72B}"
EndProject
Project("{FAE04EC0-301F-11D3-BF4B-00C04F79EFBC}") = "CapaLogica", "CapaLogica\CapaLogica.csproj", "{42473AEF-1D4B-4FB3-AA5F-184773DC1DAB}"
EndProject
Project("{FAE04EC0-301F-11D3-BF4B-00C04F79EFBC}") = "CapaDatos", "CapaDatos\CapaDatos.csproj", "{89E200E6-16B5-4446-A4EA-25E8E15D6AB5}"
EndProject
Global
	GlobalSection(SolutionConfigurationPlatforms) = preSolution
		Debug|Any CPU = Debug|Any CPU
		Release|Any CPU = Release|Any CPU
	EndGlobalSection
	GlobalSection(ProjectConfigurationPlatforms) = postSolution
		{F35B6F11-4C3F-4E8D-8DFF-F33CED72C72B}.Debug|Any CPU.ActiveCfg = Debug|Any CPU
		{F35B6F11-4C3F-4E8D-8DFF-F33CED72C72B}.Debug|Any CPU.Build.0 = Debug|Any CPU
		{F35B6F11-4C3F-4E8D-8DFF-F33CED72C72B}.Release|Any CPU.ActiveCfg = Release|Any CPU
		{F35B6F11-4C3F-4E8D-8DFF-F33CED72C72B}.Release|Any CPU.Build.0 = Release|Any CPU
		{42473AEF-1D4B-4FB3-AA5F-184773DC1DAB}.Debug|Any CPU.ActiveCfg = Debug|Any CPU
		{42473AEF-1D4B-4FB3-AA5F-184773DC1DAB}.Debug|Any CPU.Build.0 = Debug|Any CPU
		{42473AEF-1D4B-4FB3-AA5F-184773DC1DAB}.Release|Any CPU.ActiveCfg = Release|Any CPU
		{42473AEF-1D4B-4FB3-AA5F-184773DC1DAB}.Release|Any CPU.Build.0 = Release|Any CPU
		{89E200E6-16B5-4446-A4EA-25E8E15D6AB5}.Debug|Any CPU.ActiveCfg = Debug|Any CPU
		{89E200E6-16B5-4446-A4EA-25E8E15D6AB5}.Debug|Any CPU.Build.0 = Debug|Any CPU
		{89E200E6-16B5-4446-A4EA-25E8E15D6AB5}.Release|Any CPU.ActiveCfg = Release|Any CPU
		{89E200E6-16B5-4446-A4EA-25E8E15D6AB5}.Release|Any CPU.Build.0 = Release|Any CPU
	EndGlobalSection
	GlobalSection(SolutionProperties) = preSolution
		HideSolutionNode = FALSE
	EndGlobalSection
	GlobalSection(ExtensibilityGlobals) = postSolution
		SolutionGuid = {9323DE0B-7E7A-4952-A7DD-CAFF1250D0A2}
	EndGlobalSection
EndGlobal
